
Microsoft Visual Studio Solution File, Format Version 12.00
# Visual Studio Version 16
VisualStudioVersion = 25.0.1705.1
MinimumVisualStudioVersion = 10.0.40219.1
Project("{FAE04EC0-301F-11D3-BF4B-00C04F79EFBC}") = "LibraryManagementApp", "LibraryManagementApp\LibraryManagementApp.csproj", "{58A6AAB5-D23C-4014-81C4-3D83013890D6}"
EndProject
Global
	GlobalSection(SolutionConfigurationPlatforms) = preSolution
		Debug|Any CPU = Debug|Any CPU
		Release|Any CPU = Release|Any CPU
	EndGlobalSection
	GlobalSection(ProjectConfigurationPlatforms) = postSolution
		{58A6AAB5-D23C-4014-81C4-3D83013890D6}.Debug|Any CPU.ActiveCfg = Debug|Any CPU
		{58A6AAB5-D23C-4014-81C4-3D83013890D6}.Debug|Any CPU.Build.0 = Debug|Any CPU
		{58A6AAB5-D23C-4014-81C4-3D83013890D6}.Release|Any CPU.ActiveCfg = Release|Any CPU
		{58A6AAB5-D23C-4014-81C4-3D83013890D6}.Release|Any CPU.Build.0 = Release|Any CPU
	EndGlobalSection
	GlobalSection(SolutionProperties) = preSolution
		HideSolutionNode = FALSE
	EndGlobalSection
	GlobalSection(ExtensibilityGlobals) = postSolution
		SolutionGuid = {CC51CBBC-9BF1-4EB6-927D-C7C8404CA949}
	EndGlobalSection
EndGlobal
